
Microsoft Visual Studio Solution File, Format Version 12.00
# Visual Studio Version 17
VisualStudioVersion = 17.12.35527.113
MinimumVisualStudioVersion = 10.0.40219.1
Project("{FAE04EC0-301F-11D3-BF4B-00C04F79EFBC}") = "HoleAutoJoin", "HoleAutoJoin.csproj", "{1E8F5CFA-BB58-4F93-9A59-C3E5DD1ECCCF}"
EndProject
Project("{FAE04EC0-301F-11D3-BF4B-00C04F79EFBC}") = "LevelOffsetUpdater", "..\LevelOffsetUpdater\LevelOffsetUpdater\LevelOffsetUpdater.csproj", "{6FB8628A-96E4-4900-96F2-5DA01C7A51B9}"
EndProject
Global
	GlobalSection(SolutionConfigurationPlatforms) = preSolution
		Debug|Any CPU = Debug|Any CPU
		Release|Any CPU = Release|Any CPU
	EndGlobalSection
	GlobalSection(ProjectConfigurationPlatforms) = postSolution
		{1E8F5CFA-BB58-4F93-9A59-C3E5DD1ECCCF}.Debug|Any CPU.ActiveCfg = Debug|Any CPU
		{1E8F5CFA-BB58-4F93-9A59-C3E5DD1ECCCF}.Debug|Any CPU.Build.0 = Debug|Any CPU
		{1E8F5CFA-BB58-4F93-9A59-C3E5DD1ECCCF}.Release|Any CPU.ActiveCfg = Release|Any CPU
		{1E8F5CFA-BB58-4F93-9A59-C3E5DD1ECCCF}.Release|Any CPU.Build.0 = Release|Any CPU
		{6FB8628A-96E4-4900-96F2-5DA01C7A51B9}.Debug|Any CPU.ActiveCfg = Debug|Any CPU
		{6FB8628A-96E4-4900-96F2-5DA01C7A51B9}.Debug|Any CPU.Build.0 = Debug|Any CPU
		{6FB8628A-96E4-4900-96F2-5DA01C7A51B9}.Release|Any CPU.ActiveCfg = Release|Any CPU
		{6FB8628A-96E4-4900-96F2-5DA01C7A51B9}.Release|Any CPU.Build.0 = Release|Any CPU
	EndGlobalSection
	GlobalSection(SolutionProperties) = preSolution
		HideSolutionNode = FALSE
	EndGlobalSection
	GlobalSection(ExtensibilityGlobals) = postSolution
		SolutionGuid = {193B9331-AD7B-4C61-977A-F087B5D55AFA}
	EndGlobalSection
EndGlobal
